{
  "version": 1,
  "dependencies": {
    "net10.0-windows7.0": {
      "Blake3": {
        "type": "Direct",
        "requested": "[2.0.0, )",
        "resolved": "2.0.0",
        "contentHash": "v447kojeuNYSY5dvtVGG2bv1+M3vOWJXcrYWwXho/2uUpuwK6qPeu5WSMlqLm4VRJu96kysVO11La0zN3dLAuQ=="
      },
      "DalamudPackager": {
        "type": "Direct",
        "requested": "[14.0.1, )",
        "resolved": "14.0.1",
        "contentHash": "y0WWyUE6dhpGdolK3iKgwys05/nZaVf4ZPtIjpLhJBZvHxkkiE23zYRo7K7uqAgoK/QvK5cqF6l3VG5AbgC6KA=="
      },
      "DotNet.ReproducibleBuilds": {
        "type": "Direct",
        "requested": "[1.2.39, )",
        "resolved": "1.2.39",
        "contentHash": "fcFN01tDTIQqDuTwr1jUQK/geofiwjG5DycJQOnC72i1SsLAk1ELe+apBOuZ11UMQG8YKFZG1FgvjZPbqHyatg=="
      },
      "Penumbra.Api": {
        "type": "Direct",
        "requested": "[5.13.1, )",
        "resolved": "5.13.1",
        "contentHash": "kmpqhcbnnF+Ib0F9g7+1W17IbZ8Q8G2zn3MJURd/rmQiB3D7cm8YS2JRmvhDzrN5w9OMlfq7MFxVtwG419YkIA=="
      },
      "SharpDX.Direct3D11": {
        "type": "Direct",
        "requested": "[4.2.0, )",
        "resolved": "4.2.0",
        "contentHash": "oTm/iT5X/IIuJ8kNYP+DTC/MhBhqtRF5dbgPPFgLBdQv0BKzNTzXQQXd7SveBFjQg6hXEAJ2jGCAzNYvGFc9LA==",
        "dependencies": {
          "NETStandard.Library": "1.6.1",
          "SharpDX": "4.2.0",
          "SharpDX.DXGI": "4.2.0"
        }
      },
      "SixLabors.ImageSharp": {
        "type": "Direct",
        "requested": "[3.1.11, )",
        "resolved": "3.1.11",
        "contentHash": "JfPLyigLthuE50yi6tMt7Amrenr/fA31t2CvJyhy/kQmfulIBAqo5T/YFUSRHtuYPXRSaUHygFeh6Qd933EoSw=="
      },
      "TerraFX.Interop.Windows": {
        "type": "Direct",
        "requested": "[10.0.26100.6, )",
        "resolved": "10.0.26100.6",
        "contentHash": "QjL9vliSWmscUv6A7bjvsryHjYnY0norqvCNcLXSdEy1VIIzMF6FiS7BuvLTBuGUeN9FY4zJbU65OsHEv7jG9A=="
      },
      "JetBrains.Annotations": {
        "type": "Transitive",
        "resolved": "2025.2.4",
        "contentHash": "TwbgxAkXxY+vNEhNVx/QXjJ4vqxmepOjsgRvvImQPbHkHMMb4W+ahL3laMsxXKtNT7iMy+E1B3xkqao2hf1n3A=="
      },
      "Microsoft.Extensions.DependencyInjection": {
        "type": "Transitive",
        "resolved": "9.0.2",
        "contentHash": "ZffbJrskOZ40JTzcTyKwFHS5eACSWp2bUQBBApIgGV+es8RaTD4OxUG7XxFr3RIPLXtYQ1jQzF2DjKB5fZn7Qg==",
        "dependencies": {
          "Microsoft.Extensions.DependencyInjection.Abstractions": "9.0.2"
        }
      },
      "Microsoft.Extensions.DependencyInjection.Abstractions": {
        "type": "Transitive",
        "resolved": "9.0.2",
        "contentHash": "MNe7GSTBf3jQx5vYrXF0NZvn6l7hUKF6J54ENfAgCO8y6xjN1XUmKKWG464LP2ye6QqDiA1dkaWEZBYnhoZzjg=="
      },
      "Microsoft.NETCore.Platforms": {
        "type": "Transitive",
        "resolved": "1.1.0",
        "contentHash": "kz0PEW2lhqygehI/d6XsPCQzD7ff7gUJaVGPVETX611eadGsA3A877GdSlU0LRVMCTH/+P3o2iDTak+S08V2+A=="
      },
      "NETStandard.Library": {
        "type": "Transitive",
        "resolved": "1.6.1",
        "contentHash": "WcSp3+vP+yHNgS8EV5J7pZ9IRpeDuARBPN28by8zqff1wJQXm26PVU8L3/fYLBJVU7BtDyqNVWq2KlCVvSSR4A==",
        "dependencies": {
          "Microsoft.NETCore.Platforms": "1.1.0"
        }
      },
      "SharpDX": {
        "type": "Transitive",
        "resolved": "4.2.0",
        "contentHash": "3pv0LFMvfK/dv1qISJnn8xBeeT6R/FRvr0EV4KI2DGsL84Qlv6P7isWqxGyU0LCwlSVCJN3jgHJ4Bl0KI2PJww==",
        "dependencies": {
          "NETStandard.Library": "1.6.1"
        }
      },
      "SharpDX.DXGI": {
        "type": "Transitive",
        "resolved": "4.2.0",
        "contentHash": "UjKqkgWc8U+SP+j3LBzFP6OB6Ntapjih7Xo+g1rLcsGbIb5KwewBrBChaUu7sil8rWoeVU/k0EJd3SMN4VqNZw==",
        "dependencies": {
          "NETStandard.Library": "1.6.1",
          "SharpDX": "4.2.0"
        }
      },
      "ottergui": {
        "type": "Project",
        "dependencies": {
          "JetBrains.Annotations": "[2025.2.4, )",
          "Microsoft.Extensions.DependencyInjection": "[9.0.2, )"
        }
      },
      "ottertex": {
        "type": "Project"
      }
    }
  }
}